
Microsoft Visual Studio Solution File, Format Version 12.00
# Visual Studio Version 17
VisualStudioVersion = 17.4.33213.308
MinimumVisualStudioVersion = 10.0.40219.1
Project("{FAE04EC0-301F-11D3-BF4B-00C04F79EFBC}") = "Calculator", "Calculator\Calculator.csproj", "{BF08EBEF-9836-46A0-A655-867A579355C1}"
EndProject
Global
	GlobalSection(SolutionConfigurationPlatforms) = preSolution
		Debug|Any CPU = Debug|Any CPU
		Release|Any CPU = Release|Any CPU
	EndGlobalSection
	GlobalSection(ProjectConfigurationPlatforms) = postSolution
		{BF08EBEF-9836-46A0-A655-867A579355C1}.Debug|Any CPU.ActiveCfg = Debug|Any CPU
		{BF08EBEF-9836-46A0-A655-867A579355C1}.Debug|Any CPU.Build.0 = Debug|Any CPU
		{BF08EBEF-9836-46A0-A655-867A579355C1}.Release|Any CPU.ActiveCfg = Release|Any CPU
		{BF08EBEF-9836-46A0-A655-867A579355C1}.Release|Any CPU.Build.0 = Release|Any CPU
	EndGlobalSection
	GlobalSection(SolutionProperties) = preSolution
		HideSolutionNode = FALSE
	EndGlobalSection
	GlobalSection(ExtensibilityGlobals) = postSolution
		SolutionGuid = {F57B9846-C065-4B8D-B7C8-8DCC2B400E18}
	EndGlobalSection
EndGlobal
